
Microsoft Visual Studio Solution File, Format Version 12.00
# Visual Studio Version 16
VisualStudioVersion = 16.0.30717.126
MinimumVisualStudioVersion = 10.0.40219.1
Project("{FAE04EC0-301F-11D3-BF4B-00C04F79EFBC}") = "ML.Web", "ML.Web\ML.Web.csproj", "{C69DCBE6-3DEC-4B71-A27D-CE1929D91C98}"
EndProject
Global
	GlobalSection(SolutionConfigurationPlatforms) = preSolution
		Debug|Any CPU = Debug|Any CPU
		Release|Any CPU = Release|Any CPU
	EndGlobalSection
	GlobalSection(ProjectConfigurationPlatforms) = postSolution
		{C69DCBE6-3DEC-4B71-A27D-CE1929D91C98}.Debug|Any CPU.ActiveCfg = Debug|Any CPU
		{C69DCBE6-3DEC-4B71-A27D-CE1929D91C98}.Debug|Any CPU.Build.0 = Debug|Any CPU
		{C69DCBE6-3DEC-4B71-A27D-CE1929D91C98}.Release|Any CPU.ActiveCfg = Release|Any CPU
		{C69DCBE6-3DEC-4B71-A27D-CE1929D91C98}.Release|Any CPU.Build.0 = Release|Any CPU
	EndGlobalSection
	GlobalSection(SolutionProperties) = preSolution
		HideSolutionNode = FALSE
	EndGlobalSection
	GlobalSection(ExtensibilityGlobals) = postSolution
		SolutionGuid = {3087FBFB-4A48-4441-A188-EFF92366297E}
	EndGlobalSection
EndGlobal
